
Microsoft Visual Studio Solution File, Format Version 12.00
# Visual Studio Version 17
VisualStudioVersion = 17.4.33110.190
MinimumVisualStudioVersion = 10.0.40219.1
Project("{FAE04EC0-301F-11D3-BF4B-00C04F79EFBC}") = "hw3", "hw3\hw3.csproj", "{8BA324B6-6146-444F-A81D-D1BFAD409C7B}"
EndProject
Global
	GlobalSection(SolutionConfigurationPlatforms) = preSolution
		Debug|Any CPU = Debug|Any CPU
		Release|Any CPU = Release|Any CPU
	EndGlobalSection
	GlobalSection(ProjectConfigurationPlatforms) = postSolution
		{8BA324B6-6146-444F-A81D-D1BFAD409C7B}.Debug|Any CPU.ActiveCfg = Debug|Any CPU
		{8BA324B6-6146-444F-A81D-D1BFAD409C7B}.Debug|Any CPU.Build.0 = Debug|Any CPU
		{8BA324B6-6146-444F-A81D-D1BFAD409C7B}.Release|Any CPU.ActiveCfg = Release|Any CPU
		{8BA324B6-6146-444F-A81D-D1BFAD409C7B}.Release|Any CPU.Build.0 = Release|Any CPU
	EndGlobalSection
	GlobalSection(SolutionProperties) = preSolution
		HideSolutionNode = FALSE
	EndGlobalSection
	GlobalSection(ExtensibilityGlobals) = postSolution
		SolutionGuid = {BFCCB7C6-DADA-4E91-A3C3-79DF44C97B3C}
	EndGlobalSection
EndGlobal
